{
  "name": "docs",
  "version": "1.0.0",
  "lockfileVersion": 2,
  "requires": true,
  "packages": {
    "": {
      "name": "docs",
      "version": "1.0.0",
      "license": "ISC",
      "dependencies": {
        "svim": "^1.0.3"
      }
    },
    "node_modules/svim": {
      "version": "1.0.3",
      "resolved": "https://registry.npmjs.org/svim/-/svim-1.0.3.tgz",
      "integrity": "sha512-MiIOxinZ6OxvASe1pODbwt4PsiYqU6ioFijrL2JjVfvHQh54SZnbWL2N8Z0bUwUUEdhR7cGvZV3p89iweL6Xaw=="
    }
  },
  "dependencies": {
    "svim": {
      "version": "1.0.3",
      "resolved": "https://registry.npmjs.org/svim/-/svim-1.0.3.tgz",
      "integrity": "sha512-MiIOxinZ6OxvASe1pODbwt4PsiYqU6ioFijrL2JjVfvHQh54SZnbWL2N8Z0bUwUUEdhR7cGvZV3p89iweL6Xaw=="
    }
  }
}
